{
  "name": "ajs-platforms-node",
  "version": "1.0.0",
  "lockfileVersion": 3,
  "requires": true,
  "packages": {
    "": {
      "name": "ajs-platforms-node",
      "version": "1.0.0",
      "license": "ISC",
      "dependencies": {
        "@yulyamart/ajs-platforms": "^1.0.0"
      }
    },
    "node_modules/@yulyamart/ajs-platforms": {
      "version": "1.0.0",
      "resolved": "https://npm.pkg.github.com/download/@yulyamart/ajs-platforms/1.0.0/237e15df11557a73b6b86a78439034c425be72b0",
      "integrity": "sha512-kugAuJzfZkVptzCfdVBm+BwApY1srs+06NjL4TWiwQL6+xxvQewrTlPStM69oFysAshh9E+EHzqatTdgKXwYsA==",
      "license": "ISC"
    }
  }
}
